
Microsoft Visual Studio Solution File, Format Version 12.00
# Visual Studio Version 16
VisualStudioVersion = 16.0.32228.343
MinimumVisualStudioVersion = 10.0.40219.1
Project("{FAE04EC0-301F-11D3-BF4B-00C04F79EFBC}") = "lab_9", "lab_9\lab_9.csproj", "{71A15CB0-CC52-49AF-B80D-BBE5FA0EE558}"
EndProject
Global
	GlobalSection(SolutionConfigurationPlatforms) = preSolution
		Debug|Any CPU = Debug|Any CPU
		Release|Any CPU = Release|Any CPU
	EndGlobalSection
	GlobalSection(ProjectConfigurationPlatforms) = postSolution
		{71A15CB0-CC52-49AF-B80D-BBE5FA0EE558}.Debug|Any CPU.ActiveCfg = Debug|Any CPU
		{71A15CB0-CC52-49AF-B80D-BBE5FA0EE558}.Debug|Any CPU.Build.0 = Debug|Any CPU
		{71A15CB0-CC52-49AF-B80D-BBE5FA0EE558}.Release|Any CPU.ActiveCfg = Release|Any CPU
		{71A15CB0-CC52-49AF-B80D-BBE5FA0EE558}.Release|Any CPU.Build.0 = Release|Any CPU
	EndGlobalSection
	GlobalSection(SolutionProperties) = preSolution
		HideSolutionNode = FALSE
	EndGlobalSection
	GlobalSection(ExtensibilityGlobals) = postSolution
		SolutionGuid = {C4D02B77-512F-4B7C-A4C6-33F83609958B}
	EndGlobalSection
EndGlobal
